// !$*UTF8*$!
{
	archiveVersion = 1;
	classes = {
	};
	objectVersion = 51;
	objects = {

/* Begin PBXBuildFile section */
		13ACA5695B45A60A3471C492 /* Pods_animationProject.framework in Frameworks */ = {isa = PBXBuildFile; fileRef = 5EC54F3234D9D259975CD629 /* Pods_animationProject.framework */; };
		9023519426825B3D003C4583 /* Extension+UIButton.swift in Sources */ = {isa = PBXBuildFile; fileRef = 9023519326825B3D003C4583 /* Extension+UIButton.swift */; };
		902F4F68268242470089ABEE /* AppDelegate.swift in Sources */ = {isa = PBXBuildFile; fileRef = 902F4F67268242470089ABEE /* AppDelegate.swift */; };
		902F4F6A268242470089ABEE /* SceneDelegate.swift in Sources */ = {isa = PBXBuildFile; fileRef = 902F4F69268242470089ABEE /* SceneDelegate.swift */; };
		902F4F6C268242470089ABEE /* ViewController.swift in Sources */ = {isa = PBXBuildFile; fileRef = 902F4F6B268242470089ABEE /* ViewController.swift */; };
		902F4F6F268242470089ABEE /* Main.storyboard in Resources */ = {isa = PBXBuildFile; fileRef = 902F4F6D268242470089ABEE /* Main.storyboard */; };
		902F4F712682424B0089ABEE /* Assets.xcassets in Resources */ = {isa = PBXBuildFile; fileRef = 902F4F702682424B0089ABEE /* Assets.xcassets */; };
		902F4F742682424B0089ABEE /* LaunchScreen.storyboard in Resources */ = {isa = PBXBuildFile; fileRef = 902F4F722682424B0089ABEE /* LaunchScreen.storyboard */; };
		908B95AE26835CA600085294 /* DataSource.swift in Sources */ = {isa = PBXBuildFile; fileRef = 908B95AD26835CA600085294 /* DataSource.swift */; };
/* End PBXBuildFile section */

/* Begin PBXFileReference section */
		41DF393489497F0A6552E140 /* Pods-animationProject.release.xcconfig */ = {isa = PBXFileReference; includeInIndex = 1; lastKnownFileType = text.xcconfig; name = "Pods-animationProject.release.xcconfig"; path = "Target Support Files/Pods-animationProject/Pods-animationProject.release.xcconfig"; sourceTree = "<group>"; };
		5EC54F3234D9D259975CD629 /* Pods_animationProject.framework */ = {isa = PBXFileReference; explicitFileType = wrapper.framework; includeInIndex = 0; path = Pods_animationProject.framework; sourceTree = BUILT_PRODUCTS_DIR; };
		6A6029F1781933EE694AE2B7 /* Pods-animationProject.debug.xcconfig */ = {isa = PBXFileReference; includeInIndex = 1; lastKnownFileType = text.xcconfig; name = "Pods-animationProject.debug.xcconfig"; path = "Target Support Files/Pods-animationProject/Pods-animationProject.debug.xcconfig"; sourceTree = "<group>"; };
		9023519326825B3D003C4583 /* Extension+UIButton.swift */ = {isa = PBXFileReference; lastKnownFileType = sourcecode.swift; path = "Extension+UIButton.swift"; sourceTree = "<group>"; };
		902F4F64268242470089ABEE /* animationProject.app */ = {isa = PBXFileReference; explicitFileType = wrapper.application; includeInIndex = 0; path = animationProject.app; sourceTree = BUILT_PRODUCTS_DIR; };
		902F4F67268242470089ABEE /* AppDelegate.swift */ = {isa = PBXFileReference; lastKnownFileType = sourcecode.swift; path = AppDelegate.swift; sourceTree = "<group>"; };
		902F4F69268242470089ABEE /* SceneDelegate.swift */ = {isa = PBXFileReference; lastKnownFileType = sourcecode.swift; path = SceneDelegate.swift; sourceTree = "<group>"; };
		902F4F6B268242470089ABEE /* ViewController.swift */ = {isa = PBXFileReference; lastKnownFileType = sourcecode.swift; path = ViewController.swift; sourceTree = "<group>"; };
		902F4F6E268242470089ABEE /* Base */ = {isa = PBXFileReference; lastKnownFileType = file.storyboard; name = Base; path = Base.lproj/Main.storyboard; sourceTree = "<group>"; };
		902F4F702682424B0089ABEE /* Assets.xcassets */ = {isa = PBXFileReference; lastKnownFileType = folder.assetcatalog; path = Assets.xcassets; sourceTree = "<group>"; };
		902F4F732682424B0089ABEE /* Base */ = {isa = PBXFileReference; lastKnownFileType = file.storyboard; name = Base; path = Base.lproj/LaunchScreen.storyboard; sourceTree = "<group>"; };
		902F4F752682424B0089ABEE /* Info.plist */ = {isa = PBXFileReference; lastKnownFileType = text.plist.xml; path = Info.plist; sourceTree = "<group>"; };
		908B95AD26835CA600085294 /* DataSource.swift */ = {isa = PBXFileReference; lastKnownFileType = sourcecode.swift; path = DataSource.swift; sourceTree = "<group>"; };
/* End PBXFileReference section */

/* Begin PBXFrameworksBuildPhase section */
		902F4F61268242470089ABEE /* Frameworks */ = {
			isa = PBXFrameworksBuildPhase;
			buildActionMask = 2147483647;
			files = (
				13ACA5695B45A60A3471C492 /* Pods_animationProject.framework in Frameworks */,
			);
			runOnlyForDeploymentPostprocessing = 0;
		};
/* End PBXFrameworksBuildPhase section */

/* Begin PBXGroup section */
		902F4F5B268242470089ABEE = {
			isa = PBXGroup;
			children = (
				902F4F66268242470089ABEE /* animationProject */,
				902F4F65268242470089ABEE /* Products */,
				C58F49A283BD32ED84BF8E22 /* Pods */,
				F56D7DEFF3DB3B6FAA8571C2 /* Frameworks */,
			);
			sourceTree = "<group>";
		};
		902F4F65268242470089ABEE /* Products */ = {
			isa = PBXGroup;
			children = (
				902F4F64268242470089ABEE /* animationProject.app */,
			);
			name = Products;
			sourceTree = "<group>";
		};
		902F4F66268242470089ABEE /* animationProject */ = {
			isa = PBXGroup;
			children = (
				9077C03F268395A200D9FF66 /* Storyboards */,
				9077C03D2683956A00D9FF66 /* ViewControllers */,
				9077C03E2683958300D9FF66 /* Models */,
				9077C0412683962400D9FF66 /* SupportingFiles */,
				902F4F752682424B0089ABEE /* Info.plist */,
			);
			path = animationProject;
			sourceTree = "<group>";
		};
		9077C03D2683956A00D9FF66 /* ViewControllers */ = {
			isa = PBXGroup;
			children = (
				902F4F6B268242470089ABEE /* ViewController.swift */,
			);
			path = ViewControllers;
			sourceTree = "<group>";
		};
		9077C03E2683958300D9FF66 /* Models */ = {
			isa = PBXGroup;
			children = (
				9023519326825B3D003C4583 /* Extension+UIButton.swift */,
				908B95AD26835CA600085294 /* DataSource.swift */,
			);
			path = Models;
			sourceTree = "<group>";
		};
		9077C03F268395A200D9FF66 /* Storyboards */ = {
			isa = PBXGroup;
			children = (
				902F4F6D268242470089ABEE /* Main.storyboard */,
				902F4F722682424B0089ABEE /* LaunchScreen.storyboard */,
			);
			path = Storyboards;
			sourceTree = "<group>";
		};
		9077C0412683962400D9FF66 /* SupportingFiles */ = {
			isa = PBXGroup;
			children = (
				902F4F67268242470089ABEE /* AppDelegate.swift */,
				902F4F69268242470089ABEE /* SceneDelegate.swift */,
				902F4F702682424B0089ABEE /* Assets.xcassets */,
			);
			path = SupportingFiles;
			sourceTree = "<group>";
		};
		C58F49A283BD32ED84BF8E22 /* Pods */ = {
			isa = PBXGroup;
			children = (
				6A6029F1781933EE694AE2B7 /* Pods-animationProject.debug.xcconfig */,
				41DF393489497F0A6552E140 /* Pods-animationProject.release.xcconfig */,
			);
			path = Pods;
			sourceTree = "<group>";
		};
		F56D7DEFF3DB3B6FAA8571C2 /* Frameworks */ = {
			isa = PBXGroup;
			children = (
				5EC54F3234D9D259975CD629 /* Pods_animationProject.framework */,
			);
			name = Frameworks;
			sourceTree = "<group>";
		};
/* End PBXGroup section */

/* Begin PBXNativeTarget section */
		902F4F63268242470089ABEE /* animationProject */ = {
			isa = PBXNativeTarget;
			buildConfigurationList = 902F4F782682424B0089ABEE /* Build configuration list for PBXNativeTarget "animationProject" */;
			buildPhases = (
				3AD9E9B15C2585584FAC0EA4 /* [CP] Check Pods Manifest.lock */,
				902F4F60268242470089ABEE /* Sources */,
				902F4F61268242470089ABEE /* Frameworks */,
				902F4F62268242470089ABEE /* Resources */,
				9F082C4516788BBD69369C35 /* [CP] Embed Pods Frameworks */,
			);
			buildRules = (
			);
			dependencies = (
			);
			name = animationProject;
			productName = animationProject;
			productReference = 902F4F64268242470089ABEE /* animationProject.app */;
			productType = "com.apple.product-type.application";
		};
/* End PBXNativeTarget section */

/* Begin PBXProject section */
		902F4F5C268242470089ABEE /* Project object */ = {
			isa = PBXProject;
			attributes = {
				LastSwiftUpdateCheck = 1250;
				LastUpgradeCheck = 1250;
				TargetAttributes = {
					902F4F63268242470089ABEE = {
						CreatedOnToolsVersion = 12.5;
					};
				};
			};
			buildConfigurationList = 902F4F5F268242470089ABEE /* Build configuration list for PBXProject "animationProject" */;
			compatibilityVersion = "Xcode 9.3";
			developmentRegion = en;
			hasScannedForEncodings = 0;
			knownRegions = (
				en,
				Base,
			);
			mainGroup = 902F4F5B268242470089ABEE;
			productRefGroup = 902F4F65268242470089ABEE /* Products */;
			projectDirPath = "";
			projectRoot = "";
			targets = (
				902F4F63268242470089ABEE /* animationProject */,
			);
		};
/* End PBXProject section */

/* Begin PBXResourcesBuildPhase section */
		902F4F62268242470089ABEE /* Resources */ = {
			isa = PBXResourcesBuildPhase;
			buildActionMask = 2147483647;
			files = (
				902F4F742682424B0089ABEE /* LaunchScreen.storyboard in Resources */,
				902F4F712682424B0089ABEE /* Assets.xcassets in Resources */,
				902F4F6F268242470089ABEE /* Main.storyboard in Resources */,
			);
			runOnlyForDeploymentPostprocessing = 0;
		};
/* End PBXResourcesBuildPhase section */

/* Begin PBXShellScriptBuildPhase section */
		3AD9E9B15C2585584FAC0EA4 /* [CP] Check Pods Manifest.lock */ = {
			isa = PBXShellScriptBuildPhase;
			buildActionMask = 2147483647;
			files = (
			);
			inputFileListPaths = (
			);
			inputPaths = (
				"${PODS_PODFILE_DIR_PATH}/Podfile.lock",
				"${PODS_ROOT}/Manifest.lock",
			);
			name = "[CP] Check Pods Manifest.lock";
			outputFileListPaths = (
			);
			outputPaths = (
				"$(DERIVED_FILE_DIR)/Pods-animationProject-checkManifestLockResult.txt",
			);
			runOnlyForDeploymentPostprocessing = 0;
			shellPath = /bin/sh;
			shellScript = "diff \"${PODS_PODFILE_DIR_PATH}/Podfile.lock\" \"${PODS_ROOT}/Manifest.lock\" > /dev/null\nif [ $? != 0 ] ; then\n    # print error to STDERR\n    echo \"error: The sandbox is not in sync with the Podfile.lock. Run 'pod install' or update your CocoaPods installation.\" >&2\n    exit 1\nfi\n# This output is used by Xcode 'outputs' to avoid re-running this script phase.\necho \"SUCCESS\" > \"${SCRIPT_OUTPUT_FILE_0}\"\n";
			showEnvVarsInLog = 0;
		};
		9F082C4516788BBD69369C35 /* [CP] Embed Pods Frameworks */ = {
			isa = PBXShellScriptBuildPhase;
			buildActionMask = 2147483647;
			files = (
			);
			inputFileListPaths = (
				"${PODS_ROOT}/Target Support Files/Pods-animationProject/Pods-animationProject-frameworks-${CONFIGURATION}-input-files.xcfilelist",
			);
			name = "[CP] Embed Pods Frameworks";
			outputFileListPaths = (
				"${PODS_ROOT}/Target Support Files/Pods-animationProject/Pods-animationProject-frameworks-${CONFIGURATION}-output-files.xcfilelist",
			);
			runOnlyForDeploymentPostprocessing = 0;
			shellPath = /bin/sh;
			shellScript = "\"${PODS_ROOT}/Target Support Files/Pods-animationProject/Pods-animationProject-frameworks.sh\"\n";
			showEnvVarsInLog = 0;
		};
/* End PBXShellScriptBuildPhase section */

/* Begin PBXSourcesBuildPhase section */
		902F4F60268242470089ABEE /* Sources */ = {
			isa = PBXSourcesBuildPhase;
			buildActionMask = 2147483647;
			files = (
				902F4F6C268242470089ABEE /* ViewController.swift in Sources */,
				9023519426825B3D003C4583 /* Extension+UIButton.swift in Sources */,
				902F4F68268242470089ABEE /* AppDelegate.swift in Sources */,
				908B95AE26835CA600085294 /* DataSource.swift in Sources */,
				902F4F6A268242470089ABEE /* SceneDelegate.swift in Sources */,
			);
			runOnlyForDeploymentPostprocessing = 0;
		};
/* End PBXSourcesBuildPhase section */

/* Begin PBXVariantGroup section */
		902F4F6D268242470089ABEE /* Main.storyboard */ = {
			isa = PBXVariantGroup;
			children = (
				902F4F6E268242470089ABEE /* Base */,
			);
			name = Main.storyboard;
			sourceTree = "<group>";
		};
		902F4F722682424B0089ABEE /* LaunchScreen.storyboard */ = {
			isa = PBXVariantGroup;
			children = (
				902F4F732682424B0089ABEE /* Base */,
			);
			name = LaunchScreen.storyboard;
			sourceTree = "<group>";
		};
/* End PBXVariantGroup section */

/* Begin XCBuildConfiguration section */
		902F4F762682424B0089ABEE /* Debug */ = {
			isa = XCBuildConfiguration;
			buildSettings = {
				ALWAYS_SEARCH_USER_PATHS = NO;
				CLANG_ANALYZER_NONNULL = YES;
				CLANG_ANALYZER_NUMBER_OBJECT_CONVERSION = YES_AGGRESSIVE;
				CLANG_CXX_LANGUAGE_STANDARD = "gnu++14";
				CLANG_CXX_LIBRARY = "libc++";
				CLANG_ENABLE_MODULES = YES;
				CLANG_ENABLE_OBJC_ARC = YES;
				CLANG_ENABLE_OBJC_WEAK = YES;
				CLANG_WARN_BLOCK_CAPTURE_AUTORELEASING = YES;
				CLANG_WARN_BOOL_CONVERSION = YES;
				CLANG_WARN_COMMA = YES;
				CLANG_WARN_CONSTANT_CONVERSION = YES;
				CLANG_WARN_DEPRECATED_OBJC_IMPLEMENTATIONS = YES;
				CLANG_WARN_DIRECT_OBJC_ISA_USAGE = YES_ERROR;
				CLANG_WARN_DOCUMENTATION_COMMENTS = YES;
				CLANG_WARN_EMPTY_BODY = YES;
				CLANG_WARN_ENUM_CONVERSION = YES;
				CLANG_WARN_INFINITE_RECURSION = YES;
				CLANG_WARN_INT_CONVERSION = YES;
				CLANG_WARN_NON_LITERAL_NULL_CONVERSION = YES;
				CLANG_WARN_OBJC_IMPLICIT_RETAIN_SELF = YES;
				CLANG_WARN_OBJC_LITERAL_CONVERSION = YES;
				CLANG_WARN_OBJC_ROOT_CLASS = YES_ERROR;
				CLANG_WARN_QUOTED_INCLUDE_IN_FRAMEWORK_HEADER = YES;
				CLANG_WARN_RANGE_LOOP_ANALYSIS = YES;
				CLANG_WARN_STRICT_PROTOTYPES = YES;
				CLANG_WARN_SUSPICIOUS_MOVE = YES;
				CLANG_WARN_UNGUARDED_AVAILABILITY = YES_AGGRESSIVE;
				CLANG_WARN_UNREACHABLE_CODE = YES;
				CLANG_WARN__DUPLICATE_METHOD_MATCH = YES;
				COPY_PHASE_STRIP = NO;
				DEBUG_INFORMATION_FORMAT = dwarf;
				ENABLE_STRICT_OBJC_MSGSEND = YES;
				ENABLE_TESTABILITY = YES;
				GCC_C_LANGUAGE_STANDARD = gnu11;
				GCC_DYNAMIC_NO_PIC = NO;
				GCC_NO_COMMON_BLOCKS = YES;
				GCC_OPTIMIZATION_LEVEL = 0;
				GCC_PREPROCESSOR_DEFINITIONS = (
					"DEBUG=1",
					"$(inherited)",
				);
				GCC_WARN_64_TO_32_BIT_CONVERSION = YES;
				GCC_WARN_ABOUT_RETURN_TYPE = YES_ERROR;
				GCC_WARN_UNDECLARED_SELECTOR = YES;
				GCC_WARN_UNINITIALIZED_AUTOS = YES_AGGRESSIVE;
				GCC_WARN_UNUSED_FUNCTION = YES;
				GCC_WARN_UNUSED_VARIABLE = YES;
				IPHONEOS_DEPLOYMENT_TARGET = 14.5;
				MTL_ENABLE_DEBUG_INFO = INCLUDE_SOURCE;
				MTL_FAST_MATH = YES;
				ONLY_ACTIVE_ARCH = YES;
				SDKROOT = iphoneos;
				SWIFT_ACTIVE_COMPILATION_CONDITIONS = DEBUG;
				SWIFT_OPTIMIZATION_LEVEL = "-Onone";
			};
			name = Debug;
		};
		902F4F772682424B0089ABEE /* Release */ = {
			isa = XCBuildConfiguration;
			buildSettings = {
				ALWAYS_SEARCH_USER_PATHS = NO;
				CLANG_ANALYZER_NONNULL = YES;
				CLANG_ANALYZER_NUMBER_OBJECT_CONVERSION = YES_AGGRESSIVE;
				CLANG_CXX_LANGUAGE_STANDARD = "gnu++14";
				CLANG_CXX_LIBRARY = "libc++";
				CLANG_ENABLE_MODULES = YES;
				CLANG_ENABLE_OBJC_ARC = YES;
				CLANG_ENABLE_OBJC_WEAK = YES;
				CLANG_WARN_BLOCK_CAPTURE_AUTORELEASING = YES;
				CLANG_WARN_BOOL_CONVERSION = YES;
				CLANG_WARN_COMMA = YES;
				CLANG_WARN_CONSTANT_CONVERSION = YES;
				CLANG_WARN_DEPRECATED_OBJC_IMPLEMENTATIONS = YES;
				CLANG_WARN_DIRECT_OBJC_ISA_USAGE = YES_ERROR;
				CLANG_WARN_DOCUMENTATION_COMMENTS = YES;
				CLANG_WARN_EMPTY_BODY = YES;
				CLANG_WARN_ENUM_CONVERSION = YES;
				CLANG_WARN_INFINITE_RECURSION = YES;
				CLANG_WARN_INT_CONVERSION = YES;
				CLANG_WARN_NON_LITERAL_NULL_CONVERSION = YES;
				CLANG_WARN_OBJC_IMPLICIT_RETAIN_SELF = YES;
				CLANG_WARN_OBJC_LITERAL_CONVERSION = YES;
				CLANG_WARN_OBJC_ROOT_CLASS = YES_ERROR;
				CLANG_WARN_QUOTED_INCLUDE_IN_FRAMEWORK_HEADER = YES;
				CLANG_WARN_RANGE_LOOP_ANALYSIS = YES;
				CLANG_WARN_STRICT_PROTOTYPES = YES;
				CLANG_WARN_SUSPICIOUS_MOVE = YES;
				CLANG_WARN_UNGUARDED_AVAILABILITY = YES_AGGRESSIVE;
				CLANG_WARN_UNREACHABLE_CODE = YES;
				CLANG_WARN__DUPLICATE_METHOD_MATCH = YES;
				COPY_PHASE_STRIP = NO;
				DEBUG_INFORMATION_FORMAT = "dwarf-with-dsym";
				ENABLE_NS_ASSERTIONS = NO;
				ENABLE_STRICT_OBJC_MSGSEND = YES;
				GCC_C_LANGUAGE_STANDARD = gnu11;
				GCC_NO_COMMON_BLOCKS = YES;
				GCC_WARN_64_TO_32_BIT_CONVERSION = YES;
				GCC_WARN_ABOUT_RETURN_TYPE = YES_ERROR;
				GCC_WARN_UNDECLARED_SELECTOR = YES;
				GCC_WARN_UNINITIALIZED_AUTOS = YES_AGGRESSIVE;
				GCC_WARN_UNUSED_FUNCTION = YES;
				GCC_WARN_UNUSED_VARIABLE = YES;
				IPHONEOS_DEPLOYMENT_TARGET = 14.5;
				MTL_ENABLE_DEBUG_INFO = NO;
				MTL_FAST_MATH = YES;
				SDKROOT = iphoneos;
				SWIFT_COMPILATION_MODE = wholemodule;
				SWIFT_OPTIMIZATION_LEVEL = "-O";
				VALIDATE_PRODUCT = YES;
			};
			name = Release;
		};
		902F4F792682424B0089ABEE /* Debug */ = {
			isa = XCBuildConfiguration;
			baseConfigurationReference = 6A6029F1781933EE694AE2B7 /* Pods-animationProject.debug.xcconfig */;
			buildSettings = {
				ASSETCATALOG_COMPILER_APPICON_NAME = AppIcon;
				ASSETCATALOG_COMPILER_GLOBAL_ACCENT_COLOR_NAME = AccentColor;
				CODE_SIGN_STYLE = Automatic;
				INFOPLIST_FILE = animationProject/Info.plist;
				IPHONEOS_DEPLOYMENT_TARGET = 14.1;
				LD_RUNPATH_SEARCH_PATHS = (
					"$(inherited)",
					"@executable_path/Frameworks",
				);
				PRODUCT_BUNDLE_IDENTIFIER = ru.swiftbook.animationProject;
				PRODUCT_NAME = "$(TARGET_NAME)";
				SWIFT_VERSION = 5.0;
				TARGETED_DEVICE_FAMILY = "1,2";
			};
			name = Debug;
		};
		902F4F7A2682424B0089ABEE /* Release */ = {
			isa = XCBuildConfiguration;
			baseConfigurationReference = 41DF393489497F0A6552E140 /* Pods-animationProject.release.xcconfig */;
			buildSettings = {
				ASSETCATALOG_COMPILER_APPICON_NAME = AppIcon;
				ASSETCATALOG_COMPILER_GLOBAL_ACCENT_COLOR_NAME = AccentColor;
				CODE_SIGN_STYLE = Automatic;
				INFOPLIST_FILE = animationProject/Info.plist;
				IPHONEOS_DEPLOYMENT_TARGET = 14.1;
				LD_RUNPATH_SEARCH_PATHS = (
					"$(inherited)",
					"@executable_path/Frameworks",
				);
				PRODUCT_BUNDLE_IDENTIFIER = ru.swiftbook.animationProject;
				PRODUCT_NAME = "$(TARGET_NAME)";
				SWIFT_VERSION = 5.0;
				TARGETED_DEVICE_FAMILY = "1,2";
			};
			name = Release;
		};
/* End XCBuildConfiguration section */

/* Begin XCConfigurationList section */
		902F4F5F268242470089ABEE /* Build configuration list for PBXProject "animationProject" */ = {
			isa = XCConfigurationList;
			buildConfigurations = (
				902F4F762682424B0089ABEE /* Debug */,
				902F4F772682424B0089ABEE /* Release */,
			);
			defaultConfigurationIsVisible = 0;
			defaultConfigurationName = Release;
		};
		902F4F782682424B0089ABEE /* Build configuration list for PBXNativeTarget "animationProject" */ = {
			isa = XCConfigurationList;
			buildConfigurations = (
				902F4F792682424B0089ABEE /* Debug */,
				902F4F7A2682424B0089ABEE /* Release */,
			);
			defaultConfigurationIsVisible = 0;
			defaultConfigurationName = Release;
		};
/* End XCConfigurationList section */
	};
	rootObject = 902F4F5C268242470089ABEE /* Project object */;
}
